{
  "name": "ajs2",
  "version": "1.0.0",
  "lockfileVersion": 3,
  "requires": true,
  "packages": {
    "": {
      "name": "ajs2",
      "version": "1.0.0",
      "license": "ISC",
      "dependencies": {
        "@oksanabannova/ajs": "^1.0.0"
      }
    },
    "node_modules/@oksanabannova/ajs": {
      "version": "1.0.0",
      "resolved": "https://npm.pkg.github.com/download/@oksanabannova/ajs/1.0.0/4704576f47e585df40bd48cc969cfabab46ccf8c",
      "integrity": "sha512-DMCBUYM5dIgIxz1Ymy+uCDD0vjAq6Ub6eoCMAy2vDHqxVPnFQmVpivWDpjtk+CHKxVrtD15gS0GR0ugsScS7lg==",
      "license": "ISC"
    }
  }
}
